
Microsoft Visual Studio Solution File, Format Version 12.00
# Visual Studio Version 17
VisualStudioVersion = 17.0.32112.339
MinimumVisualStudioVersion = 10.0.40219.1
Project("{FAE04EC0-301F-11D3-BF4B-00C04F79EFBC}") = "BulkyBookWeb", "BulkyBookWeb\BulkyBookWeb.csproj", "{1E95BBEF-5627-4645-AB21-0D588478A9DC}"
EndProject
Global
	GlobalSection(SolutionConfigurationPlatforms) = preSolution
		Debug|Any CPU = Debug|Any CPU
		Release|Any CPU = Release|Any CPU
	EndGlobalSection
	GlobalSection(ProjectConfigurationPlatforms) = postSolution
		{1E95BBEF-5627-4645-AB21-0D588478A9DC}.Debug|Any CPU.ActiveCfg = Debug|Any CPU
		{1E95BBEF-5627-4645-AB21-0D588478A9DC}.Debug|Any CPU.Build.0 = Debug|Any CPU
		{1E95BBEF-5627-4645-AB21-0D588478A9DC}.Release|Any CPU.ActiveCfg = Release|Any CPU
		{1E95BBEF-5627-4645-AB21-0D588478A9DC}.Release|Any CPU.Build.0 = Release|Any CPU
	EndGlobalSection
	GlobalSection(SolutionProperties) = preSolution
		HideSolutionNode = FALSE
	EndGlobalSection
	GlobalSection(ExtensibilityGlobals) = postSolution
		SolutionGuid = {4145299B-4A7F-46EB-A447-1B3DBBF6DEF3}
	EndGlobalSection
EndGlobal
